{
  "name": "qr-code",
  "version": "1.0.0",
  "lockfileVersion": 2,
  "requires": true,
  "packages": {
    "": {
      "name": "qr-code",
      "version": "1.0.0",
      "license": "ISC",
      "dependencies": {
        "html5-qrcode": "^2.3.4"
      }
    },
    "node_modules/html5-qrcode": {
      "version": "2.3.4",
      "resolved": "https://registry.npmjs.org/html5-qrcode/-/html5-qrcode-2.3.4.tgz",
      "integrity": "sha512-VPZrOTG8XR9HmIAhSSiGtJVPErZxKy/DuGc9cPQLburCWZEbvxQGJP9y4K4P+8vdalLtYB/vM5YP1BdWQKZ8jQ=="
    }
  },
  "dependencies": {
    "html5-qrcode": {
      "version": "2.3.4",
      "resolved": "https://registry.npmjs.org/html5-qrcode/-/html5-qrcode-2.3.4.tgz",
      "integrity": "sha512-VPZrOTG8XR9HmIAhSSiGtJVPErZxKy/DuGc9cPQLburCWZEbvxQGJP9y4K4P+8vdalLtYB/vM5YP1BdWQKZ8jQ=="
    }
  }
}
